
Microsoft Visual Studio Solution File, Format Version 12.00
# Visual Studio Version 16
VisualStudioVersion = 16.0.30413.136
MinimumVisualStudioVersion = 10.0.40219.1
Project("{FAE04EC0-301F-11D3-BF4B-00C04F79EFBC}") = "KlassenBot", "KlassenBot\KlassenBot.csproj", "{90A28720-E80C-478D-93CD-D0E752C398A2}"
EndProject
Global
	GlobalSection(SolutionConfigurationPlatforms) = preSolution
		Debug|Any CPU = Debug|Any CPU
		Release|Any CPU = Release|Any CPU
	EndGlobalSection
	GlobalSection(ProjectConfigurationPlatforms) = postSolution
		{90A28720-E80C-478D-93CD-D0E752C398A2}.Debug|Any CPU.ActiveCfg = Debug|Any CPU
		{90A28720-E80C-478D-93CD-D0E752C398A2}.Debug|Any CPU.Build.0 = Debug|Any CPU
		{90A28720-E80C-478D-93CD-D0E752C398A2}.Release|Any CPU.ActiveCfg = Release|Any CPU
		{90A28720-E80C-478D-93CD-D0E752C398A2}.Release|Any CPU.Build.0 = Release|Any CPU
	EndGlobalSection
	GlobalSection(SolutionProperties) = preSolution
		HideSolutionNode = FALSE
	EndGlobalSection
	GlobalSection(ExtensibilityGlobals) = postSolution
		SolutionGuid = {4F104EED-62B5-4651-A818-A286E6223637}
	EndGlobalSection
EndGlobal
